
Microsoft Visual Studio Solution File, Format Version 12.00
# Visual Studio 15
VisualStudioVersion = 15.0.28307.1062
MinimumVisualStudioVersion = 10.0.40219.1
Project("{FAE04EC0-301F-11D3-BF4B-00C04F79EFBC}") = "MvcWeb", "MvcWeb\MvcWeb.csproj", "{028AC504-214D-4CCE-8469-8012BCB2C272}"
EndProject
Global
	GlobalSection(SolutionConfigurationPlatforms) = preSolution
		Debug|Any CPU = Debug|Any CPU
		Release|Any CPU = Release|Any CPU
	EndGlobalSection
	GlobalSection(ProjectConfigurationPlatforms) = postSolution
		{028AC504-214D-4CCE-8469-8012BCB2C272}.Debug|Any CPU.ActiveCfg = Debug|Any CPU
		{028AC504-214D-4CCE-8469-8012BCB2C272}.Debug|Any CPU.Build.0 = Debug|Any CPU
		{028AC504-214D-4CCE-8469-8012BCB2C272}.Release|Any CPU.ActiveCfg = Release|Any CPU
		{028AC504-214D-4CCE-8469-8012BCB2C272}.Release|Any CPU.Build.0 = Release|Any CPU
	EndGlobalSection
	GlobalSection(SolutionProperties) = preSolution
		HideSolutionNode = FALSE
	EndGlobalSection
	GlobalSection(ExtensibilityGlobals) = postSolution
		SolutionGuid = {ED89FBAA-5062-410E-A0D0-EE63618D1BAA}
	EndGlobalSection
EndGlobal
